<?xml version="1.0" encoding="utf-8"?>
<Project ToolsVersion="4.0" xmlns="http://schemas.microsoft.com/developer/msbuild/2003">
  <ItemGroup>
    <Filter Include="源文件">
      <UniqueIdentifier>{4FC737F1-C7A5-4376-A066-2A32D752A2FF}</UniqueIdentifier>
      <Extensions>cpp;c;cc;cxx;def;odl;idl;hpj;bat;asm;asmx</Extensions>
    </Filter>
    <Filter Include="头文件">
      <UniqueIdentifier>{93995380-89BD-4b04-88EB-625FBE52EBFB}</UniqueIdentifier>
      <Extensions>h;hpp;hxx;hm;inl;inc;xsd</Extensions>
    </Filter>
    <Filter Include="资源文件">
      <UniqueIdentifier>{67DA6AB6-F800-4c08-8B7A-83BB121AAD01}</UniqueIdentifier>
      <Extensions>rc;ico;cur;bmp;dlg;rc2;rct;bin;rgs;gif;jpg;jpeg;jpe;resx;tiff;tif;png;wav;mfcribbon-ms</Extensions>
    </Filter>
  </ItemGroup>
  <ItemGroup>
    <ClCompile Include="main.cpp">
      <Filter>源文件</Filter>
    </ClCompile>
    <ClCompile Include="countPrimes.cpp">
      <Filter>源文件</Filter>
    </ClCompile>
    <ClCompile Include="isHappy.cpp">
      <Filter>源文件</Filter>
    </ClCompile>
    <ClCompile Include="hammingWeight.cpp">
      <Filter>源文件</Filter>
    </ClCompile>
    <ClCompile Include="rob.cpp">
      <Filter>源文件</Filter>
    </ClCompile>
    <ClCompile Include="reverse.cpp">
      <Filter>源文件</Filter>
    </ClCompile>
    <ClCompile Include="reverseBits.cpp">
      <Filter>源文件</Filter>
    </ClCompile>
    <ClCompile Include="rotate.cpp">
      <Filter>源文件</Filter>
    </ClCompile>
    <ClCompile Include="permuteUnique.cpp">
      <Filter>源文件</Filter>
    </ClCompile>
    <ClCompile Include="trailingZeroes.cpp">
      <Filter>源文件</Filter>
    </ClCompile>
    <ClCompile Include="convertToTitle.cpp">
      <Filter>源文件</Filter>
    </ClCompile>
    <ClCompile Include="titleToNumber.cpp">
      <Filter>源文件</Filter>
    </ClCompile>
    <ClCompile Include="majorityElement.cpp">
      <Filter>源文件</Filter>
    </ClCompile>
    <ClCompile Include="compareVersion.cpp">
      <Filter>源文件</Filter>
    </ClCompile>
    <ClCompile Include="isIsomorphic.cpp">
      <Filter>源文件</Filter>
    </ClCompile>
    <ClCompile Include="isSymmetric.cpp">
      <Filter>源文件</Filter>
    </ClCompile>
    <ClCompile Include="getIntersectionNode.cpp">
      <Filter>源文件</Filter>
    </ClCompile>
    <ClCompile Include="plusOne.cpp">
      <Filter>源文件</Filter>
    </ClCompile>
    <ClCompile Include="lengthOfLastWord.cpp">
      <Filter>源文件</Filter>
    </ClCompile>
    <ClCompile Include="removeNthFromEnd.cpp">
      <Filter>源文件</Filter>
    </ClCompile>
    <ClCompile Include="removeElements.cpp">
      <Filter>源文件</Filter>
    </ClCompile>
    <ClCompile Include="convert.cpp">
      <Filter>源文件</Filter>
    </ClCompile>
    <ClCompile Include="reverseList.cpp">
      <Filter>源文件</Filter>
    </ClCompile>
    <ClCompile Include="myAtoi.cpp">
      <Filter>源文件</Filter>
    </ClCompile>
    <ClCompile Include="containsDuplicate.cpp">
      <Filter>源文件</Filter>
    </ClCompile>
    <ClCompile Include="addBinary.cpp">
      <Filter>源文件</Filter>
    </ClCompile>
    <ClCompile Include="climbStairs.cpp">
      <Filter>源文件</Filter>
    </ClCompile>
    <ClCompile Include="deleteDuplicates.cpp">
      <Filter>源文件</Filter>
    </ClCompile>
    <ClCompile Include="isBalanced.cpp">
      <Filter>源文件</Filter>
    </ClCompile>
    <ClCompile Include="isPalindrome.cpp">
      <Filter>源文件</Filter>
    </ClCompile>
    <ClCompile Include="containsNearbyDuplicate.cpp">
      <Filter>源文件</Filter>
    </ClCompile>
    <ClCompile Include="isValid.cpp">
      <Filter>源文件</Filter>
    </ClCompile>
    <ClCompile Include="generate.cpp">
      <Filter>源文件</Filter>
    </ClCompile>
    <ClCompile Include="getRow.cpp">
      <Filter>源文件</Filter>
    </ClCompile>
    <ClCompile Include="removeElement.cpp">
      <Filter>源文件</Filter>
    </ClCompile>
    <ClCompile Include="romanToInt.cpp">
      <Filter>源文件</Filter>
    </ClCompile>
    <ClCompile Include="merge.cpp">
      <Filter>源文件</Filter>
    </ClCompile>
    <ClCompile Include="isSameTree.cpp">
      <Filter>源文件</Filter>
    </ClCompile>
    <ClCompile Include="computeArea.cpp">
      <Filter>源文件</Filter>
    </ClCompile>
    <ClCompile Include="minDepth.cpp">
      <Filter>源文件</Filter>
    </ClCompile>
    <ClCompile Include="maxDepth.cpp">
      <Filter>源文件</Filter>
    </ClCompile>
    <ClCompile Include="hasPathSum.cpp">
      <Filter>源文件</Filter>
    </ClCompile>
    <ClCompile Include="levelOrder.cpp">
      <Filter>源文件</Filter>
    </ClCompile>
    <ClCompile Include="invertTree.cpp">
      <Filter>源文件</Filter>
    </ClCompile>
    <ClCompile Include="addTwoNumbers.cpp">
      <Filter>源文件</Filter>
    </ClCompile>
    <ClCompile Include="longestConsecutive.cpp">
      <Filter>源文件</Filter>
    </ClCompile>
    <ClCompile Include="spiralOrder.cpp">
      <Filter>源文件</Filter>
    </ClCompile>
    <ClCompile Include="Queues2stack.cpp">
      <Filter>源文件</Filter>
    </ClCompile>
    <ClCompile Include="partition.cpp">
      <Filter>源文件</Filter>
    </ClCompile>
    <ClCompile Include="rangeBitwiseAnd.cpp">
      <Filter>源文件</Filter>
    </ClCompile>
    <ClCompile Include="threeSumClosest.cpp">
      <Filter>源文件</Filter>
    </ClCompile>
    <ClCompile Include="twoSum.cpp">
      <Filter>源文件</Filter>
    </ClCompile>
    <ClCompile Include="threeSum.cpp">
      <Filter>源文件</Filter>
    </ClCompile>
    <ClCompile Include="fourSum.cpp">
      <Filter>源文件</Filter>
    </ClCompile>
    <ClCompile Include="isPalindrome2.cpp">
      <Filter>源文件</Filter>
    </ClCompile>
    <ClCompile Include="searchInsert.cpp">
      <Filter>源文件</Filter>
    </ClCompile>
    <ClCompile Include="lengthOfLongestSubstring.cpp">
      <Filter>源文件</Filter>
    </ClCompile>
    <ClCompile Include="isNumber.cpp">
      <Filter>源文件</Filter>
    </ClCompile>
    <ClCompile Include="combinationSum3.cpp">
      <Filter>源文件</Filter>
    </ClCompile>
    <ClCompile Include="combine.cpp">
      <Filter>源文件</Filter>
    </ClCompile>
    <ClCompile Include="calculate.cpp">
      <Filter>源文件</Filter>
    </ClCompile>
    <ClCompile Include="largestNumber.cpp">
      <Filter>源文件</Filter>
    </ClCompile>
    <ClCompile Include="findKthLargest.cpp">
      <Filter>源文件</Filter>
    </ClCompile>
    <ClCompile Include="reverseBetween.cpp">
      <Filter>源文件</Filter>
    </ClCompile>
    <ClCompile Include="sortedListToBST.cpp">
      <Filter>源文件</Filter>
    </ClCompile>
    <ClCompile Include="kthSmallest.cpp">
      <Filter>源文件</Filter>
    </ClCompile>
    <ClCompile Include="recoverTree.cpp">
      <Filter>源文件</Filter>
    </ClCompile>
    <ClCompile Include="sortedArrayToBST.cpp">
      <Filter>源文件</Filter>
    </ClCompile>
    <ClCompile Include="inorderTraversal.cpp">
      <Filter>源文件</Filter>
    </ClCompile>
  </ItemGroup>
  <ItemGroup>
    <ClInclude Include="countPrimes.h">
      <Filter>头文件</Filter>
    </ClInclude>
    <ClInclude Include="isHappy.h">
      <Filter>头文件</Filter>
    </ClInclude>
    <ClInclude Include="hammingWeight.h">
      <Filter>头文件</Filter>
    </ClInclude>
    <ClInclude Include="rob.h">
      <Filter>头文件</Filter>
    </ClInclude>
    <ClInclude Include="reverse.h">
      <Filter>头文件</Filter>
    </ClInclude>
    <ClInclude Include="reverseBits.h">
      <Filter>头文件</Filter>
    </ClInclude>
    <ClInclude Include="rotate.h">
      <Filter>头文件</Filter>
    </ClInclude>
    <ClInclude Include="permuteUnique.h">
      <Filter>头文件</Filter>
    </ClInclude>
    <ClInclude Include="trailingZeroes.h">
      <Filter>头文件</Filter>
    </ClInclude>
    <ClInclude Include="convertToTitle.h">
      <Filter>头文件</Filter>
    </ClInclude>
    <ClInclude Include="titleToNumber.h">
      <Filter>头文件</Filter>
    </ClInclude>
    <ClInclude Include="majorityElement.h">
      <Filter>头文件</Filter>
    </ClInclude>
    <ClInclude Include="compareVersion.h">
      <Filter>头文件</Filter>
    </ClInclude>
    <ClInclude Include="isIsomorphic.h">
      <Filter>头文件</Filter>
    </ClInclude>
    <ClInclude Include="isSymmetric.h">
      <Filter>头文件</Filter>
    </ClInclude>
    <ClInclude Include="getIntersectionNode.h">
      <Filter>头文件</Filter>
    </ClInclude>
    <ClInclude Include="plusOne.h">
      <Filter>头文件</Filter>
    </ClInclude>
    <ClInclude Include="lengthOfLastWord.h">
      <Filter>头文件</Filter>
    </ClInclude>
    <ClInclude Include="removeNthFromEnd.h">
      <Filter>头文件</Filter>
    </ClInclude>
    <ClInclude Include="removeElements.h">
      <Filter>头文件</Filter>
    </ClInclude>
    <ClInclude Include="convert.h">
      <Filter>头文件</Filter>
    </ClInclude>
    <ClInclude Include="reverseList.h">
      <Filter>头文件</Filter>
    </ClInclude>
    <ClInclude Include="myAtoi.h">
      <Filter>头文件</Filter>
    </ClInclude>
    <ClInclude Include="containsDuplicate.h">
      <Filter>头文件</Filter>
    </ClInclude>
    <ClInclude Include="addBinary.h">
      <Filter>头文件</Filter>
    </ClInclude>
    <ClInclude Include="climbStairs.h">
      <Filter>头文件</Filter>
    </ClInclude>
    <ClInclude Include="deleteDuplicates.h">
      <Filter>头文件</Filter>
    </ClInclude>
    <ClInclude Include="isBalanced.h">
      <Filter>头文件</Filter>
    </ClInclude>
    <ClInclude Include="isPalindrome.h">
      <Filter>头文件</Filter>
    </ClInclude>
    <ClInclude Include="containsNearbyDuplicate.h">
      <Filter>头文件</Filter>
    </ClInclude>
    <ClInclude Include="isValid.h">
      <Filter>头文件</Filter>
    </ClInclude>
    <ClInclude Include="generate.h">
      <Filter>头文件</Filter>
    </ClInclude>
    <ClInclude Include="getRow.h">
      <Filter>头文件</Filter>
    </ClInclude>
    <ClInclude Include="removeElement.h">
      <Filter>头文件</Filter>
    </ClInclude>
    <ClInclude Include="romanToInt.h">
      <Filter>头文件</Filter>
    </ClInclude>
    <ClInclude Include="merge.h">
      <Filter>头文件</Filter>
    </ClInclude>
    <ClInclude Include="isSameTree.h">
      <Filter>头文件</Filter>
    </ClInclude>
    <ClInclude Include="computeArea.h">
      <Filter>头文件</Filter>
    </ClInclude>
    <ClInclude Include="minDepth.h">
      <Filter>头文件</Filter>
    </ClInclude>
    <ClInclude Include="maxDepth.h">
      <Filter>头文件</Filter>
    </ClInclude>
    <ClInclude Include="hasPathSum.h">
      <Filter>头文件</Filter>
    </ClInclude>
    <ClInclude Include="levelOrder.h">
      <Filter>头文件</Filter>
    </ClInclude>
    <ClInclude Include="invertTree.h">
      <Filter>头文件</Filter>
    </ClInclude>
    <ClInclude Include="addTwoNumbers.h">
      <Filter>头文件</Filter>
    </ClInclude>
    <ClInclude Include="longestConsecutive.h">
      <Filter>头文件</Filter>
    </ClInclude>
    <ClInclude Include="spiralOrder.h">
      <Filter>头文件</Filter>
    </ClInclude>
    <ClInclude Include="Queues2stack.h">
      <Filter>头文件</Filter>
    </ClInclude>
    <ClInclude Include="partition.h">
      <Filter>头文件</Filter>
    </ClInclude>
    <ClInclude Include="rangeBitwiseAnd.h">
      <Filter>头文件</Filter>
    </ClInclude>
    <ClInclude Include="threeSumClosest.h">
      <Filter>头文件</Filter>
    </ClInclude>
    <ClInclude Include="twoSum.h">
      <Filter>头文件</Filter>
    </ClInclude>
    <ClInclude Include="threeSum.h">
      <Filter>头文件</Filter>
    </ClInclude>
    <ClInclude Include="fourSum.h">
      <Filter>头文件</Filter>
    </ClInclude>
    <ClInclude Include="isPalindrome2.h">
      <Filter>头文件</Filter>
    </ClInclude>
    <ClInclude Include="searchInsert.h">
      <Filter>头文件</Filter>
    </ClInclude>
    <ClInclude Include="lengthOfLongestSubstring.h">
      <Filter>头文件</Filter>
    </ClInclude>
    <ClInclude Include="isNumber.h">
      <Filter>头文件</Filter>
    </ClInclude>
    <ClInclude Include="combinationSum3.h">
      <Filter>头文件</Filter>
    </ClInclude>
    <ClInclude Include="combine.h">
      <Filter>头文件</Filter>
    </ClInclude>
    <ClInclude Include="calculate.h">
      <Filter>头文件</Filter>
    </ClInclude>
    <ClInclude Include="largestNumber.h">
      <Filter>头文件</Filter>
    </ClInclude>
    <ClInclude Include="findKthLargest.h">
      <Filter>头文件</Filter>
    </ClInclude>
    <ClInclude Include="reverseBetween.h">
      <Filter>头文件</Filter>
    </ClInclude>
    <ClInclude Include="sortedListToBST.h">
      <Filter>头文件</Filter>
    </ClInclude>
    <ClInclude Include="kthSmallest.h">
      <Filter>头文件</Filter>
    </ClInclude>
    <ClInclude Include="recoverTree.h">
      <Filter>头文件</Filter>
    </ClInclude>
    <ClInclude Include="sortedArrayToBST.h">
      <Filter>头文件</Filter>
    </ClInclude>
    <ClInclude Include="inorderTraversal.h">
      <Filter>头文件</Filter>
    </ClInclude>
  </ItemGroup>
</Project>