<?xml version="1.0" encoding="utf-8"?>
<Project ToolsVersion="4.0" xmlns="http://schemas.microsoft.com/developer/msbuild/2003">
  <ItemGroup>
    <Filter Include="源文件">
      <UniqueIdentifier>{4FC737F1-C7A5-4376-A066-2A32D752A2FF}</UniqueIdentifier>
      <Extensions>cpp;c;cc;cxx;def;odl;idl;hpj;bat;asm;asmx</Extensions>
    </Filter>
    <Filter Include="头文件">
      <UniqueIdentifier>{93995380-89BD-4b04-88EB-625FBE52EBFB}</UniqueIdentifier>
      <Extensions>h;hpp;hxx;hm;inl;inc;xsd</Extensions>
    </Filter>
    <Filter Include="资源文件">
      <UniqueIdentifier>{67DA6AB6-F800-4c08-8B7A-83BB121AAD01}</UniqueIdentifier>
      <Extensions>rc;ico;cur;bmp;dlg;rc2;rct;bin;rgs;gif;jpg;jpeg;jpe;resx;tiff;tif;png;wav;mfcribbon-ms</Extensions>
    </Filter>
  </ItemGroup>
  <ItemGroup>
    <ClCompile Include="main.cpp">
      <Filter>源文件</Filter>
    </ClCompile>
    <ClCompile Include="countPrimes.cpp">
      <Filter>源文件</Filter>
    </ClCompile>
    <ClCompile Include="isHappy.cpp">
      <Filter>源文件</Filter>
    </ClCompile>
    <ClCompile Include="hammingWeight.cpp">
      <Filter>源文件</Filter>
    </ClCompile>
    <ClCompile Include="rob.cpp">
      <Filter>源文件</Filter>
    </ClCompile>
    <ClCompile Include="reverse.cpp">
      <Filter>源文件</Filter>
    </ClCompile>
    <ClCompile Include="reverseBits.cpp">
      <Filter>源文件</Filter>
    </ClCompile>
    <ClCompile Include="rotate.cpp">
      <Filter>源文件</Filter>
    </ClCompile>
    <ClCompile Include="permuteUnique.cpp">
      <Filter>源文件</Filter>
    </ClCompile>
    <ClCompile Include="trailingZeroes.cpp">
      <Filter>源文件</Filter>
    </ClCompile>
    <ClCompile Include="convertToTitle.cpp">
      <Filter>源文件</Filter>
    </ClCompile>
    <ClCompile Include="titleToNumber.cpp">
      <Filter>源文件</Filter>
    </ClCompile>
    <ClCompile Include="majorityElement.cpp">
      <Filter>源文件</Filter>
    </ClCompile>
    <ClCompile Include="compareVersion.cpp">
      <Filter>源文件</Filter>
    </ClCompile>
    <ClCompile Include="isIsomorphic.cpp">
      <Filter>源文件</Filter>
    </ClCompile>
    <ClCompile Include="isSymmetric.cpp">
      <Filter>源文件</Filter>
    </ClCompile>
    <ClCompile Include="getIntersectionNode.cpp">
      <Filter>源文件</Filter>
    </ClCompile>
    <ClCompile Include="plusOne.cpp">
      <Filter>源文件</Filter>
    </ClCompile>
    <ClCompile Include="lengthOfLastWord.cpp">
      <Filter>源文件</Filter>
    </ClCompile>
    <ClCompile Include="removeNthFromEnd.cpp">
      <Filter>源文件</Filter>
    </ClCompile>
    <ClCompile Include="removeElements.cpp">
      <Filter>源文件</Filter>
    </ClCompile>
    <ClCompile Include="convert.cpp">
      <Filter>源文件</Filter>
    </ClCompile>
    <ClCompile Include="reverseList.cpp">
      <Filter>源文件</Filter>
    </ClCompile>
    <ClCompile Include="myAtoi.cpp">
      <Filter>源文件</Filter>
    </ClCompile>
    <ClCompile Include="containsDuplicate.cpp">
      <Filter>源文件</Filter>
    </ClCompile>
    <ClCompile Include="addBinary.cpp">
      <Filter>源文件</Filter>
    </ClCompile>
    <ClCompile Include="climbStairs.cpp">
      <Filter>源文件</Filter>
    </ClCompile>
  </ItemGroup>
  <ItemGroup>
    <ClInclude Include="countPrimes.h">
      <Filter>头文件</Filter>
    </ClInclude>
    <ClInclude Include="isHappy.h">
      <Filter>头文件</Filter>
    </ClInclude>
    <ClInclude Include="hammingWeight.h">
      <Filter>头文件</Filter>
    </ClInclude>
    <ClInclude Include="rob.h">
      <Filter>头文件</Filter>
    </ClInclude>
    <ClInclude Include="reverse.h">
      <Filter>头文件</Filter>
    </ClInclude>
    <ClInclude Include="reverseBits.h">
      <Filter>头文件</Filter>
    </ClInclude>
    <ClInclude Include="rotate.h">
      <Filter>头文件</Filter>
    </ClInclude>
    <ClInclude Include="permuteUnique.h">
      <Filter>头文件</Filter>
    </ClInclude>
    <ClInclude Include="trailingZeroes.h">
      <Filter>头文件</Filter>
    </ClInclude>
    <ClInclude Include="convertToTitle.h">
      <Filter>头文件</Filter>
    </ClInclude>
    <ClInclude Include="titleToNumber.h">
      <Filter>头文件</Filter>
    </ClInclude>
    <ClInclude Include="majorityElement.h">
      <Filter>头文件</Filter>
    </ClInclude>
    <ClInclude Include="compareVersion.h">
      <Filter>头文件</Filter>
    </ClInclude>
    <ClInclude Include="isIsomorphic.h">
      <Filter>头文件</Filter>
    </ClInclude>
    <ClInclude Include="isSymmetric.h">
      <Filter>头文件</Filter>
    </ClInclude>
    <ClInclude Include="getIntersectionNode.h">
      <Filter>头文件</Filter>
    </ClInclude>
    <ClInclude Include="plusOne.h">
      <Filter>头文件</Filter>
    </ClInclude>
    <ClInclude Include="lengthOfLastWord.h">
      <Filter>头文件</Filter>
    </ClInclude>
    <ClInclude Include="removeNthFromEnd.h">
      <Filter>头文件</Filter>
    </ClInclude>
    <ClInclude Include="removeElements.h">
      <Filter>头文件</Filter>
    </ClInclude>
    <ClInclude Include="convert.h">
      <Filter>头文件</Filter>
    </ClInclude>
    <ClInclude Include="reverseList.h">
      <Filter>头文件</Filter>
    </ClInclude>
    <ClInclude Include="myAtoi.h">
      <Filter>头文件</Filter>
    </ClInclude>
    <ClInclude Include="containsDuplicate.h">
      <Filter>头文件</Filter>
    </ClInclude>
    <ClInclude Include="addBinary.h">
      <Filter>头文件</Filter>
    </ClInclude>
    <ClInclude Include="climbStairs.h">
      <Filter>头文件</Filter>
    </ClInclude>
  </ItemGroup>
</Project>